// !$*UTF8*$!
{
	archiveVersion = 1;
	classes = {
	};
	objectVersion = 71;
	objects = {

/* Begin PBXBuildFile section */
		CF0689CE2F19E3B90082DE08 /* DependenciesTestSupport in Frameworks */ = {isa = PBXBuildFile; productRef = CF0689CD2F19E3B90082DE08 /* DependenciesTestSupport */; };
		CF0689D12F19E4750082DE08 /* InlineSnapshotTesting in Frameworks */ = {isa = PBXBuildFile; productRef = CF0689D02F19E4750082DE08 /* InlineSnapshotTesting */; };
		CF0689D32F19E4750082DE08 /* SnapshotTesting in Frameworks */ = {isa = PBXBuildFile; productRef = CF0689D22F19E4750082DE08 /* SnapshotTesting */; };
		CF19906A2F03621700FD49FF /* CoreLocationClient in Frameworks */ = {isa = PBXBuildFile; productRef = CF1990692F03621700FD49FF /* CoreLocationClient */; };
		CF23A8602F02328D0033C31B /* Collections in Frameworks */ = {isa = PBXBuildFile; productRef = CF23A85F2F02328D0033C31B /* Collections */; };
		CF89CCB02F1AF04A00F2EB87 /* SnapshotTestingCustomDump in Frameworks */ = {isa = PBXBuildFile; productRef = CF89CCAF2F1AF04A00F2EB87 /* SnapshotTestingCustomDump */; };
		CF94095D2ECABF3F0009C56D /* ComposableArchitecture in Frameworks */ = {isa = PBXBuildFile; productRef = CF94095C2ECABF3F0009C56D /* ComposableArchitecture */; };
		CF9409602ECABF6E0009C56D /* SQLiteData in Frameworks */ = {isa = PBXBuildFile; productRef = CF94095F2ECABF6E0009C56D /* SQLiteData */; };
		CFF265C32F0DA277004655B6 /* Currency in Frameworks */ = {isa = PBXBuildFile; productRef = CFF265C22F0DA277004655B6 /* Currency */; };
/* End PBXBuildFile section */

/* Begin PBXContainerItemProxy section */
		CF0689452F19E24B0082DE08 /* PBXContainerItemProxy */ = {
			isa = PBXContainerItemProxy;
			containerPortal = CF5CA8562905BC6100156961 /* Project object */;
			proxyType = 1;
			remoteGlobalIDString = CF5CA85D2905BC6100156961;
			remoteInfo = DosMangos;
		};
/* End PBXContainerItemProxy section */

/* Begin PBXFileReference section */
		CF0689412F19E24B0082DE08 /* DosMangosTests.xctest */ = {isa = PBXFileReference; explicitFileType = wrapper.cfbundle; includeInIndex = 0; path = DosMangosTests.xctest; sourceTree = BUILT_PRODUCTS_DIR; };
		CF5CA85E2905BC6100156961 /* DosMangos.app */ = {isa = PBXFileReference; explicitFileType = wrapper.application; includeInIndex = 0; path = DosMangos.app; sourceTree = BUILT_PRODUCTS_DIR; };
/* End PBXFileReference section */

/* Begin PBXFileSystemSynchronizedBuildFileExceptionSet section */
		CF207A852EF61E2200851104 /* PBXFileSystemSynchronizedBuildFileExceptionSet */ = {
			isa = PBXFileSystemSynchronizedBuildFileExceptionSet;
			membershipExceptions = (
				Configurations/Base.xcconfig,
				Configurations/Debug.xcconfig,
				Configurations/Release.xcconfig,
				Configurations/TestFlight.xcconfig,
				iOS/Info.plist,
			);
			target = CF5CA85D2905BC6100156961 /* DosMangos */;
		};
/* End PBXFileSystemSynchronizedBuildFileExceptionSet section */

/* Begin PBXFileSystemSynchronizedRootGroup section */
		CF0689422F19E24B0082DE08 /* DosMangosTests */ = {isa = PBXFileSystemSynchronizedRootGroup; explicitFileTypes = {}; explicitFolders = (); path = DosMangosTests; sourceTree = "<group>"; };
		CF207A732EF61E2200851104 /* DosMangos */ = {isa = PBXFileSystemSynchronizedRootGroup; exceptions = (CF207A852EF61E2200851104 /* PBXFileSystemSynchronizedBuildFileExceptionSet */, ); explicitFileTypes = {}; explicitFolders = (); path = DosMangos; sourceTree = "<group>"; };
		CFEC98102EF7905100449A78 /* Sources */ = {isa = PBXFileSystemSynchronizedRootGroup; explicitFileTypes = {}; explicitFolders = (); path = Sources; sourceTree = "<group>"; };
/* End PBXFileSystemSynchronizedRootGroup section */

/* Begin PBXFrameworksBuildPhase section */
		CF06893E2F19E24B0082DE08 /* Frameworks */ = {
			isa = PBXFrameworksBuildPhase;
			buildActionMask = 2147483647;
			files = (
				CF89CCB02F1AF04A00F2EB87 /* SnapshotTestingCustomDump in Frameworks */,
				CF0689D32F19E4750082DE08 /* SnapshotTesting in Frameworks */,
				CF0689D12F19E4750082DE08 /* InlineSnapshotTesting in Frameworks */,
				CF0689CE2F19E3B90082DE08 /* DependenciesTestSupport in Frameworks */,
			);
			runOnlyForDeploymentPostprocessing = 0;
		};
		CF5CA85B2905BC6100156961 /* Frameworks */ = {
			isa = PBXFrameworksBuildPhase;
			buildActionMask = 2147483647;
			files = (
				CF9409602ECABF6E0009C56D /* SQLiteData in Frameworks */,
				CF19906A2F03621700FD49FF /* CoreLocationClient in Frameworks */,
				CF94095D2ECABF3F0009C56D /* ComposableArchitecture in Frameworks */,
				CFF265C32F0DA277004655B6 /* Currency in Frameworks */,
				CF23A8602F02328D0033C31B /* Collections in Frameworks */,
			);
			runOnlyForDeploymentPostprocessing = 0;
		};
/* End PBXFrameworksBuildPhase section */

/* Begin PBXGroup section */
		CF5CA8552905BC6100156961 = {
			isa = PBXGroup;
			children = (
				CFEC98102EF7905100449A78 /* Sources */,
				CF207A732EF61E2200851104 /* DosMangos */,
				CF0689422F19E24B0082DE08 /* DosMangosTests */,
				CF5CA85F2905BC6100156961 /* Products */,
				CFE0A6FC2905BFA4009F1853 /* Frameworks */,
			);
			sourceTree = "<group>";
		};
		CF5CA85F2905BC6100156961 /* Products */ = {
			isa = PBXGroup;
			children = (
				CF5CA85E2905BC6100156961 /* DosMangos.app */,
				CF0689412F19E24B0082DE08 /* DosMangosTests.xctest */,
			);
			name = Products;
			sourceTree = "<group>";
		};
		CFE0A6FC2905BFA4009F1853 /* Frameworks */ = {
			isa = PBXGroup;
			children = (
			);
			name = Frameworks;
			sourceTree = "<group>";
		};
/* End PBXGroup section */

/* Begin PBXNativeTarget section */
		CF0689402F19E24B0082DE08 /* DosMangosTests */ = {
			isa = PBXNativeTarget;
			buildConfigurationList = CF0689472F19E24B0082DE08 /* Build configuration list for PBXNativeTarget "DosMangosTests" */;
			buildPhases = (
				CF06893D2F19E24B0082DE08 /* Sources */,
				CF06893E2F19E24B0082DE08 /* Frameworks */,
				CF06893F2F19E24B0082DE08 /* Resources */,
			);
			buildRules = (
			);
			dependencies = (
				CF0689462F19E24B0082DE08 /* PBXTargetDependency */,
			);
			fileSystemSynchronizedGroups = (
				CF0689422F19E24B0082DE08 /* DosMangosTests */,
			);
			name = DosMangosTests;
			packageProductDependencies = (
				CF0689CD2F19E3B90082DE08 /* DependenciesTestSupport */,
				CF0689D02F19E4750082DE08 /* InlineSnapshotTesting */,
				CF0689D22F19E4750082DE08 /* SnapshotTesting */,
				CF89CCAF2F1AF04A00F2EB87 /* SnapshotTestingCustomDump */,
			);
			productName = DosMangosTests;
			productReference = CF0689412F19E24B0082DE08 /* DosMangosTests.xctest */;
			productType = "com.apple.product-type.bundle.unit-test";
		};
		CF5CA85D2905BC6100156961 /* DosMangos */ = {
			isa = PBXNativeTarget;
			buildConfigurationList = CF5CA86C2905BC6300156961 /* Build configuration list for PBXNativeTarget "DosMangos" */;
			buildPhases = (
				CF5CA85A2905BC6100156961 /* Sources */,
				CF5CA85B2905BC6100156961 /* Frameworks */,
				CF5CA85C2905BC6100156961 /* Resources */,
			);
			buildRules = (
			);
			dependencies = (
			);
			fileSystemSynchronizedGroups = (
				CF207A732EF61E2200851104 /* DosMangos */,
				CFEC98102EF7905100449A78 /* Sources */,
			);
			name = DosMangos;
			packageProductDependencies = (
				CF94095C2ECABF3F0009C56D /* ComposableArchitecture */,
				CF94095F2ECABF6E0009C56D /* SQLiteData */,
				CF23A85F2F02328D0033C31B /* Collections */,
				CF1990692F03621700FD49FF /* CoreLocationClient */,
				CFF265C22F0DA277004655B6 /* Currency */,
			);
			productName = MoneyTracker;
			productReference = CF5CA85E2905BC6100156961 /* DosMangos.app */;
			productType = "com.apple.product-type.application";
		};
/* End PBXNativeTarget section */

/* Begin PBXProject section */
		CF5CA8562905BC6100156961 /* Project object */ = {
			isa = PBXProject;
			attributes = {
				BuildIndependentTargetsInParallel = 1;
				LastSwiftUpdateCheck = 2620;
				LastUpgradeCheck = 2620;
				TargetAttributes = {
					CF0689402F19E24B0082DE08 = {
						CreatedOnToolsVersion = 26.2;
						TestTargetID = CF5CA85D2905BC6100156961;
					};
					CF5CA85D2905BC6100156961 = {
						CreatedOnToolsVersion = 14.1;
					};
				};
			};
			buildConfigurationList = CF5CA8592905BC6100156961 /* Build configuration list for PBXProject "DosMangos" */;
			compatibilityVersion = "Xcode 14.0";
			developmentRegion = en;
			hasScannedForEncodings = 0;
			knownRegions = (
				en,
				Base,
				"es-419",
			);
			mainGroup = CF5CA8552905BC6100156961;
			packageReferences = (
				CF94095B2ECABF3F0009C56D /* XCRemoteSwiftPackageReference "swift-composable-architecture" */,
				CF94095E2ECABF6E0009C56D /* XCRemoteSwiftPackageReference "sqlite-data" */,
				CF23A85E2F02328D0033C31B /* XCRemoteSwiftPackageReference "swift-collections" */,
				CF0689CC2F19E3B90082DE08 /* XCRemoteSwiftPackageReference "swift-dependencies" */,
				CF0689CF2F19E4750082DE08 /* XCRemoteSwiftPackageReference "swift-snapshot-testing" */,
			);
			productRefGroup = CF5CA85F2905BC6100156961 /* Products */;
			projectDirPath = "";
			projectRoot = "";
			targets = (
				CF5CA85D2905BC6100156961 /* DosMangos */,
				CF0689402F19E24B0082DE08 /* DosMangosTests */,
			);
		};
/* End PBXProject section */

/* Begin PBXResourcesBuildPhase section */
		CF06893F2F19E24B0082DE08 /* Resources */ = {
			isa = PBXResourcesBuildPhase;
			buildActionMask = 2147483647;
			files = (
			);
			runOnlyForDeploymentPostprocessing = 0;
		};
		CF5CA85C2905BC6100156961 /* Resources */ = {
			isa = PBXResourcesBuildPhase;
			buildActionMask = 2147483647;
			files = (
			);
			runOnlyForDeploymentPostprocessing = 0;
		};
/* End PBXResourcesBuildPhase section */

/* Begin PBXSourcesBuildPhase section */
		CF06893D2F19E24B0082DE08 /* Sources */ = {
			isa = PBXSourcesBuildPhase;
			buildActionMask = 2147483647;
			files = (
			);
			runOnlyForDeploymentPostprocessing = 0;
		};
		CF5CA85A2905BC6100156961 /* Sources */ = {
			isa = PBXSourcesBuildPhase;
			buildActionMask = 2147483647;
			files = (
			);
			runOnlyForDeploymentPostprocessing = 0;
		};
/* End PBXSourcesBuildPhase section */

/* Begin PBXTargetDependency section */
		CF0689462F19E24B0082DE08 /* PBXTargetDependency */ = {
			isa = PBXTargetDependency;
			target = CF5CA85D2905BC6100156961 /* DosMangos */;
			targetProxy = CF0689452F19E24B0082DE08 /* PBXContainerItemProxy */;
		};
/* End PBXTargetDependency section */

/* Begin XCBuildConfiguration section */
		CF0689482F19E24B0082DE08 /* Debug */ = {
			isa = XCBuildConfiguration;
			buildSettings = {
				BUNDLE_LOADER = "$(TEST_HOST)";
				CODE_SIGN_STYLE = Automatic;
				CURRENT_PROJECT_VERSION = 1;
				DEBUG_INFORMATION_FORMAT = dwarf;
				DEVELOPMENT_TEAM = MCQUU65FS6;
				GCC_C_LANGUAGE_STANDARD = gnu17;
				GENERATE_INFOPLIST_FILE = YES;
				IPHONEOS_DEPLOYMENT_TARGET = 26.2;
				LOCALIZATION_PREFERS_STRING_CATALOGS = YES;
				MARKETING_VERSION = 1.0;
				PRODUCT_BUNDLE_IDENTIFIER = dev.alegre.DosMangosTests;
				PRODUCT_NAME = "$(TARGET_NAME)";
				STRING_CATALOG_GENERATE_SYMBOLS = NO;
				SWIFT_ACTIVE_COMPILATION_CONDITIONS = "DEBUG $(inherited)";
				SWIFT_APPROACHABLE_CONCURRENCY = YES;
				SWIFT_EMIT_LOC_STRINGS = NO;
				SWIFT_OPTIMIZATION_LEVEL = "-Onone";
				SWIFT_UPCOMING_FEATURE_MEMBER_IMPORT_VISIBILITY = YES;
				SWIFT_VERSION = 5.0;
				TARGETED_DEVICE_FAMILY = "1,2";
				TEST_HOST = "$(BUILT_PRODUCTS_DIR)/DosMangos.app/$(BUNDLE_EXECUTABLE_FOLDER_PATH)/DosMangos";
			};
			name = Debug;
		};
		CF0689492F19E24B0082DE08 /* Release */ = {
			isa = XCBuildConfiguration;
			buildSettings = {
				BUNDLE_LOADER = "$(TEST_HOST)";
				CODE_SIGN_STYLE = Automatic;
				CURRENT_PROJECT_VERSION = 1;
				DEBUG_INFORMATION_FORMAT = "dwarf-with-dsym";
				DEVELOPMENT_TEAM = MCQUU65FS6;
				GCC_C_LANGUAGE_STANDARD = gnu17;
				GENERATE_INFOPLIST_FILE = YES;
				IPHONEOS_DEPLOYMENT_TARGET = 26.2;
				LOCALIZATION_PREFERS_STRING_CATALOGS = YES;
				MARKETING_VERSION = 1.0;
				PRODUCT_BUNDLE_IDENTIFIER = dev.alegre.DosMangosTests;
				PRODUCT_NAME = "$(TARGET_NAME)";
				STRING_CATALOG_GENERATE_SYMBOLS = NO;
				SWIFT_APPROACHABLE_CONCURRENCY = YES;
				SWIFT_COMPILATION_MODE = wholemodule;
				SWIFT_EMIT_LOC_STRINGS = NO;
				SWIFT_UPCOMING_FEATURE_MEMBER_IMPORT_VISIBILITY = YES;
				SWIFT_VERSION = 5.0;
				TARGETED_DEVICE_FAMILY = "1,2";
				TEST_HOST = "$(BUILT_PRODUCTS_DIR)/DosMangos.app/$(BUNDLE_EXECUTABLE_FOLDER_PATH)/DosMangos";
			};
			name = Release;
		};
		CF06894A2F19E24B0082DE08 /* TestFlight */ = {
			isa = XCBuildConfiguration;
			buildSettings = {
				BUNDLE_LOADER = "$(TEST_HOST)";
				CODE_SIGN_STYLE = Automatic;
				CURRENT_PROJECT_VERSION = 1;
				DEBUG_INFORMATION_FORMAT = "dwarf-with-dsym";
				DEVELOPMENT_TEAM = MCQUU65FS6;
				GCC_C_LANGUAGE_STANDARD = gnu17;
				GENERATE_INFOPLIST_FILE = YES;
				IPHONEOS_DEPLOYMENT_TARGET = 26.2;
				LOCALIZATION_PREFERS_STRING_CATALOGS = YES;
				MARKETING_VERSION = 1.0;
				PRODUCT_BUNDLE_IDENTIFIER = dev.alegre.DosMangosTests;
				PRODUCT_NAME = "$(TARGET_NAME)";
				STRING_CATALOG_GENERATE_SYMBOLS = NO;
				SWIFT_APPROACHABLE_CONCURRENCY = YES;
				SWIFT_COMPILATION_MODE = wholemodule;
				SWIFT_EMIT_LOC_STRINGS = NO;
				SWIFT_UPCOMING_FEATURE_MEMBER_IMPORT_VISIBILITY = YES;
				SWIFT_VERSION = 5.0;
				TARGETED_DEVICE_FAMILY = "1,2";
				TEST_HOST = "$(BUILT_PRODUCTS_DIR)/DosMangos.app/$(BUNDLE_EXECUTABLE_FOLDER_PATH)/DosMangos";
			};
			name = TestFlight;
		};
		CF0CD5AA2EF788BA002CC3E3 /* TestFlight */ = {
			isa = XCBuildConfiguration;
			baseConfigurationReferenceAnchor = CF207A732EF61E2200851104 /* DosMangos */;
			baseConfigurationReferenceRelativePath = Configurations/TestFlight.xcconfig;
			buildSettings = {
				ALWAYS_SEARCH_USER_PATHS = NO;
				ASSETCATALOG_COMPILER_GENERATE_SWIFT_ASSET_SYMBOL_EXTENSIONS = YES;
				CLANG_ANALYZER_LOCALIZABILITY_NONLOCALIZED = YES;
				CLANG_ANALYZER_NONNULL = YES;
				CLANG_ANALYZER_NUMBER_OBJECT_CONVERSION = YES_AGGRESSIVE;
				CLANG_CXX_LANGUAGE_STANDARD = "gnu++20";
				CLANG_ENABLE_MODULES = YES;
				CLANG_ENABLE_OBJC_ARC = YES;
				CLANG_ENABLE_OBJC_WEAK = YES;
				CLANG_WARN_BLOCK_CAPTURE_AUTORELEASING = YES;
				CLANG_WARN_BOOL_CONVERSION = YES;
				CLANG_WARN_COMMA = YES;
				CLANG_WARN_CONSTANT_CONVERSION = YES;
				CLANG_WARN_DEPRECATED_OBJC_IMPLEMENTATIONS = YES;
				CLANG_WARN_DIRECT_OBJC_ISA_USAGE = YES_ERROR;
				CLANG_WARN_DOCUMENTATION_COMMENTS = YES;
				CLANG_WARN_EMPTY_BODY = YES;
				CLANG_WARN_ENUM_CONVERSION = YES;
				CLANG_WARN_INFINITE_RECURSION = YES;
				CLANG_WARN_INT_CONVERSION = YES;
				CLANG_WARN_NON_LITERAL_NULL_CONVERSION = YES;
				CLANG_WARN_OBJC_IMPLICIT_RETAIN_SELF = YES;
				CLANG_WARN_OBJC_LITERAL_CONVERSION = YES;
				CLANG_WARN_OBJC_ROOT_CLASS = YES_ERROR;
				CLANG_WARN_QUOTED_INCLUDE_IN_FRAMEWORK_HEADER = YES;
				CLANG_WARN_RANGE_LOOP_ANALYSIS = YES;
				CLANG_WARN_STRICT_PROTOTYPES = YES;
				CLANG_WARN_SUSPICIOUS_MOVE = YES;
				CLANG_WARN_UNGUARDED_AVAILABILITY = YES_AGGRESSIVE;
				CLANG_WARN_UNREACHABLE_CODE = YES;
				CLANG_WARN__DUPLICATE_METHOD_MATCH = YES;
				COPY_PHASE_STRIP = NO;
				DEVELOPMENT_TEAM = MCQUU65FS6;
				ENABLE_NS_ASSERTIONS = NO;
				ENABLE_STRICT_OBJC_MSGSEND = YES;
				ENABLE_USER_SCRIPT_SANDBOXING = YES;
				GCC_C_LANGUAGE_STANDARD = gnu11;
				GCC_NO_COMMON_BLOCKS = YES;
				GCC_WARN_64_TO_32_BIT_CONVERSION = YES;
				GCC_WARN_ABOUT_RETURN_TYPE = YES_ERROR;
				GCC_WARN_UNDECLARED_SELECTOR = YES;
				GCC_WARN_UNINITIALIZED_AUTOS = YES_AGGRESSIVE;
				GCC_WARN_UNUSED_FUNCTION = YES;
				GCC_WARN_UNUSED_VARIABLE = YES;
				IPHONEOS_DEPLOYMENT_TARGET = 26.0;
				MTL_ENABLE_DEBUG_INFO = NO;
				MTL_FAST_MATH = YES;
				SDKROOT = iphoneos;
				STRING_CATALOG_GENERATE_SYMBOLS = YES;
				SWIFT_APPROACHABLE_CONCURRENCY = YES;
				SWIFT_EMIT_LOC_STRINGS = YES;
				SWIFT_VERSION = 6.0;
				VALIDATE_PRODUCT = YES;
			};
			name = TestFlight;
		};
		CF0CD5AB2EF788BA002CC3E3 /* TestFlight */ = {
			isa = XCBuildConfiguration;
			baseConfigurationReferenceAnchor = CF207A732EF61E2200851104 /* DosMangos */;
			baseConfigurationReferenceRelativePath = Configurations/TestFlight.xcconfig;
			buildSettings = {
				ASSETCATALOG_COMPILER_APPICON_NAME = AppIcon;
				ASSETCATALOG_COMPILER_GLOBAL_ACCENT_COLOR_NAME = AccentColor;
				CODE_SIGN_ENTITLEMENTS = DosMangos/DosMangos.entitlements;
				CODE_SIGN_STYLE = Automatic;
				CURRENT_PROJECT_VERSION = 1;
				ENABLE_PREVIEWS = YES;
				GENERATE_INFOPLIST_FILE = YES;
				INFOPLIST_FILE = DosMangos/iOS/Info.plist;
				INFOPLIST_KEY_CFBundleDisplayName = DosMangos;
				INFOPLIST_KEY_ITSAppUsesNonExemptEncryption = NO;
				INFOPLIST_KEY_NSLocationAlwaysAndWhenInUseUsageDescription = "Tag your transactions with a location to get a geographical analysis of your finances.";
				INFOPLIST_KEY_NSLocationWhenInUseUsageDescription = "Tag your transactions with a location to get a geographical analysis of your finances.";
				INFOPLIST_KEY_UIApplicationSceneManifest_Generation = YES;
				INFOPLIST_KEY_UIApplicationSupportsIndirectInputEvents = YES;
				INFOPLIST_KEY_UILaunchScreen_Generation = YES;
				INFOPLIST_KEY_UISupportedInterfaceOrientations = UIInterfaceOrientationPortrait;
				INFOPLIST_KEY_UISupportedInterfaceOrientations_iPad = "UIInterfaceOrientationLandscapeLeft UIInterfaceOrientationLandscapeRight UIInterfaceOrientationPortrait UIInterfaceOrientationPortraitUpsideDown";
				LD_RUNPATH_SEARCH_PATHS = (
					"$(inherited)",
					"@executable_path/Frameworks",
				);
				PRODUCT_BUNDLE_IDENTIFIER = dev.alegre.DosMangos;
				PRODUCT_NAME = "$(TARGET_NAME)";
				SWIFT_EMIT_LOC_STRINGS = YES;
				TARGETED_DEVICE_FAMILY = "1,2";
			};
			name = TestFlight;
		};
		CF5CA86A2905BC6300156961 /* Debug */ = {
			isa = XCBuildConfiguration;
			baseConfigurationReferenceAnchor = CF207A732EF61E2200851104 /* DosMangos */;
			baseConfigurationReferenceRelativePath = Configurations/Debug.xcconfig;
			buildSettings = {
				ALWAYS_SEARCH_USER_PATHS = NO;
				ASSETCATALOG_COMPILER_GENERATE_SWIFT_ASSET_SYMBOL_EXTENSIONS = YES;
				CLANG_ANALYZER_LOCALIZABILITY_NONLOCALIZED = YES;
				CLANG_ANALYZER_NONNULL = YES;
				CLANG_ANALYZER_NUMBER_OBJECT_CONVERSION = YES_AGGRESSIVE;
				CLANG_CXX_LANGUAGE_STANDARD = "gnu++20";
				CLANG_ENABLE_MODULES = YES;
				CLANG_ENABLE_OBJC_ARC = YES;
				CLANG_ENABLE_OBJC_WEAK = YES;
				CLANG_WARN_BLOCK_CAPTURE_AUTORELEASING = YES;
				CLANG_WARN_BOOL_CONVERSION = YES;
				CLANG_WARN_COMMA = YES;
				CLANG_WARN_CONSTANT_CONVERSION = YES;
				CLANG_WARN_DEPRECATED_OBJC_IMPLEMENTATIONS = YES;
				CLANG_WARN_DIRECT_OBJC_ISA_USAGE = YES_ERROR;
				CLANG_WARN_DOCUMENTATION_COMMENTS = YES;
				CLANG_WARN_EMPTY_BODY = YES;
				CLANG_WARN_ENUM_CONVERSION = YES;
				CLANG_WARN_INFINITE_RECURSION = YES;
				CLANG_WARN_INT_CONVERSION = YES;
				CLANG_WARN_NON_LITERAL_NULL_CONVERSION = YES;
				CLANG_WARN_OBJC_IMPLICIT_RETAIN_SELF = YES;
				CLANG_WARN_OBJC_LITERAL_CONVERSION = YES;
				CLANG_WARN_OBJC_ROOT_CLASS = YES_ERROR;
				CLANG_WARN_QUOTED_INCLUDE_IN_FRAMEWORK_HEADER = YES;
				CLANG_WARN_RANGE_LOOP_ANALYSIS = YES;
				CLANG_WARN_STRICT_PROTOTYPES = YES;
				CLANG_WARN_SUSPICIOUS_MOVE = YES;
				CLANG_WARN_UNGUARDED_AVAILABILITY = YES_AGGRESSIVE;
				CLANG_WARN_UNREACHABLE_CODE = YES;
				CLANG_WARN__DUPLICATE_METHOD_MATCH = YES;
				COPY_PHASE_STRIP = NO;
				DEVELOPMENT_TEAM = MCQUU65FS6;
				ENABLE_STRICT_OBJC_MSGSEND = YES;
				ENABLE_TESTABILITY = YES;
				ENABLE_USER_SCRIPT_SANDBOXING = YES;
				GCC_C_LANGUAGE_STANDARD = gnu11;
				GCC_DYNAMIC_NO_PIC = NO;
				GCC_NO_COMMON_BLOCKS = YES;
				GCC_OPTIMIZATION_LEVEL = 0;
				GCC_PREPROCESSOR_DEFINITIONS = (
					"DEBUG=1",
					"$(inherited)",
				);
				GCC_WARN_64_TO_32_BIT_CONVERSION = YES;
				GCC_WARN_ABOUT_RETURN_TYPE = YES_ERROR;
				GCC_WARN_UNDECLARED_SELECTOR = YES;
				GCC_WARN_UNINITIALIZED_AUTOS = YES_AGGRESSIVE;
				GCC_WARN_UNUSED_FUNCTION = YES;
				GCC_WARN_UNUSED_VARIABLE = YES;
				IPHONEOS_DEPLOYMENT_TARGET = 26.0;
				MTL_ENABLE_DEBUG_INFO = INCLUDE_SOURCE;
				MTL_FAST_MATH = YES;
				ONLY_ACTIVE_ARCH = YES;
				SDKROOT = iphoneos;
				STRING_CATALOG_GENERATE_SYMBOLS = YES;
				SWIFT_APPROACHABLE_CONCURRENCY = YES;
				SWIFT_EMIT_LOC_STRINGS = YES;
				SWIFT_VERSION = 6.0;
			};
			name = Debug;
		};
		CF5CA86B2905BC6300156961 /* Release */ = {
			isa = XCBuildConfiguration;
			baseConfigurationReferenceAnchor = CF207A732EF61E2200851104 /* DosMangos */;
			baseConfigurationReferenceRelativePath = Configurations/Release.xcconfig;
			buildSettings = {
				ALWAYS_SEARCH_USER_PATHS = NO;
				ASSETCATALOG_COMPILER_GENERATE_SWIFT_ASSET_SYMBOL_EXTENSIONS = YES;
				CLANG_ANALYZER_LOCALIZABILITY_NONLOCALIZED = YES;
				CLANG_ANALYZER_NONNULL = YES;
				CLANG_ANALYZER_NUMBER_OBJECT_CONVERSION = YES_AGGRESSIVE;
				CLANG_CXX_LANGUAGE_STANDARD = "gnu++20";
				CLANG_ENABLE_MODULES = YES;
				CLANG_ENABLE_OBJC_ARC = YES;
				CLANG_ENABLE_OBJC_WEAK = YES;
				CLANG_WARN_BLOCK_CAPTURE_AUTORELEASING = YES;
				CLANG_WARN_BOOL_CONVERSION = YES;
				CLANG_WARN_COMMA = YES;
				CLANG_WARN_CONSTANT_CONVERSION = YES;
				CLANG_WARN_DEPRECATED_OBJC_IMPLEMENTATIONS = YES;
				CLANG_WARN_DIRECT_OBJC_ISA_USAGE = YES_ERROR;
				CLANG_WARN_DOCUMENTATION_COMMENTS = YES;
				CLANG_WARN_EMPTY_BODY = YES;
				CLANG_WARN_ENUM_CONVERSION = YES;
				CLANG_WARN_INFINITE_RECURSION = YES;
				CLANG_WARN_INT_CONVERSION = YES;
				CLANG_WARN_NON_LITERAL_NULL_CONVERSION = YES;
				CLANG_WARN_OBJC_IMPLICIT_RETAIN_SELF = YES;
				CLANG_WARN_OBJC_LITERAL_CONVERSION = YES;
				CLANG_WARN_OBJC_ROOT_CLASS = YES_ERROR;
				CLANG_WARN_QUOTED_INCLUDE_IN_FRAMEWORK_HEADER = YES;
				CLANG_WARN_RANGE_LOOP_ANALYSIS = YES;
				CLANG_WARN_STRICT_PROTOTYPES = YES;
				CLANG_WARN_SUSPICIOUS_MOVE = YES;
				CLANG_WARN_UNGUARDED_AVAILABILITY = YES_AGGRESSIVE;
				CLANG_WARN_UNREACHABLE_CODE = YES;
				CLANG_WARN__DUPLICATE_METHOD_MATCH = YES;
				COPY_PHASE_STRIP = NO;
				DEVELOPMENT_TEAM = MCQUU65FS6;
				ENABLE_NS_ASSERTIONS = NO;
				ENABLE_STRICT_OBJC_MSGSEND = YES;
				ENABLE_USER_SCRIPT_SANDBOXING = YES;
				GCC_C_LANGUAGE_STANDARD = gnu11;
				GCC_NO_COMMON_BLOCKS = YES;
				GCC_WARN_64_TO_32_BIT_CONVERSION = YES;
				GCC_WARN_ABOUT_RETURN_TYPE = YES_ERROR;
				GCC_WARN_UNDECLARED_SELECTOR = YES;
				GCC_WARN_UNINITIALIZED_AUTOS = YES_AGGRESSIVE;
				GCC_WARN_UNUSED_FUNCTION = YES;
				GCC_WARN_UNUSED_VARIABLE = YES;
				IPHONEOS_DEPLOYMENT_TARGET = 26.0;
				MTL_ENABLE_DEBUG_INFO = NO;
				MTL_FAST_MATH = YES;
				SDKROOT = iphoneos;
				STRING_CATALOG_GENERATE_SYMBOLS = YES;
				SWIFT_APPROACHABLE_CONCURRENCY = YES;
				SWIFT_EMIT_LOC_STRINGS = YES;
				SWIFT_VERSION = 6.0;
				VALIDATE_PRODUCT = YES;
			};
			name = Release;
		};
		CF5CA86D2905BC6300156961 /* Debug */ = {
			isa = XCBuildConfiguration;
			baseConfigurationReferenceAnchor = CF207A732EF61E2200851104 /* DosMangos */;
			baseConfigurationReferenceRelativePath = Configurations/Debug.xcconfig;
			buildSettings = {
				ASSETCATALOG_COMPILER_APPICON_NAME = AppIcon;
				ASSETCATALOG_COMPILER_GLOBAL_ACCENT_COLOR_NAME = AccentColor;
				CODE_SIGN_ENTITLEMENTS = DosMangos/DosMangos.entitlements;
				CODE_SIGN_STYLE = Automatic;
				CURRENT_PROJECT_VERSION = 1;
				ENABLE_PREVIEWS = YES;
				GENERATE_INFOPLIST_FILE = YES;
				INFOPLIST_FILE = DosMangos/iOS/Info.plist;
				INFOPLIST_KEY_CFBundleDisplayName = DosMangos;
				INFOPLIST_KEY_ITSAppUsesNonExemptEncryption = NO;
				INFOPLIST_KEY_NSLocationAlwaysAndWhenInUseUsageDescription = "Tag your transactions with a location to get a geographical analysis of your finances.";
				INFOPLIST_KEY_NSLocationWhenInUseUsageDescription = "Tag your transactions with a location to get a geographical analysis of your finances.";
				INFOPLIST_KEY_UIApplicationSceneManifest_Generation = YES;
				INFOPLIST_KEY_UIApplicationSupportsIndirectInputEvents = YES;
				INFOPLIST_KEY_UILaunchScreen_Generation = YES;
				INFOPLIST_KEY_UISupportedInterfaceOrientations = UIInterfaceOrientationPortrait;
				INFOPLIST_KEY_UISupportedInterfaceOrientations_iPad = "UIInterfaceOrientationLandscapeLeft UIInterfaceOrientationLandscapeRight UIInterfaceOrientationPortrait UIInterfaceOrientationPortraitUpsideDown";
				LD_RUNPATH_SEARCH_PATHS = (
					"$(inherited)",
					"@executable_path/Frameworks",
				);
				PRODUCT_BUNDLE_IDENTIFIER = dev.alegre.DosMangos;
				PRODUCT_NAME = "$(TARGET_NAME)";
				SWIFT_EMIT_LOC_STRINGS = YES;
				TARGETED_DEVICE_FAMILY = "1,2";
			};
			name = Debug;
		};
		CF5CA86E2905BC6300156961 /* Release */ = {
			isa = XCBuildConfiguration;
			baseConfigurationReferenceAnchor = CF207A732EF61E2200851104 /* DosMangos */;
			baseConfigurationReferenceRelativePath = Configurations/Release.xcconfig;
			buildSettings = {
				ASSETCATALOG_COMPILER_APPICON_NAME = AppIcon;
				ASSETCATALOG_COMPILER_GLOBAL_ACCENT_COLOR_NAME = AccentColor;
				CODE_SIGN_ENTITLEMENTS = DosMangos/DosMangos.entitlements;
				CODE_SIGN_STYLE = Automatic;
				CURRENT_PROJECT_VERSION = 1;
				ENABLE_PREVIEWS = YES;
				GENERATE_INFOPLIST_FILE = YES;
				INFOPLIST_FILE = DosMangos/iOS/Info.plist;
				INFOPLIST_KEY_CFBundleDisplayName = DosMangos;
				INFOPLIST_KEY_ITSAppUsesNonExemptEncryption = NO;
				INFOPLIST_KEY_NSLocationAlwaysAndWhenInUseUsageDescription = "Tag your transactions with a location to get a geographical analysis of your finances.";
				INFOPLIST_KEY_NSLocationWhenInUseUsageDescription = "Tag your transactions with a location to get a geographical analysis of your finances.";
				INFOPLIST_KEY_UIApplicationSceneManifest_Generation = YES;
				INFOPLIST_KEY_UIApplicationSupportsIndirectInputEvents = YES;
				INFOPLIST_KEY_UILaunchScreen_Generation = YES;
				INFOPLIST_KEY_UISupportedInterfaceOrientations = UIInterfaceOrientationPortrait;
				INFOPLIST_KEY_UISupportedInterfaceOrientations_iPad = "UIInterfaceOrientationLandscapeLeft UIInterfaceOrientationLandscapeRight UIInterfaceOrientationPortrait UIInterfaceOrientationPortraitUpsideDown";
				LD_RUNPATH_SEARCH_PATHS = (
					"$(inherited)",
					"@executable_path/Frameworks",
				);
				PRODUCT_BUNDLE_IDENTIFIER = dev.alegre.DosMangos;
				PRODUCT_NAME = "$(TARGET_NAME)";
				SWIFT_EMIT_LOC_STRINGS = YES;
				TARGETED_DEVICE_FAMILY = "1,2";
			};
			name = Release;
		};
/* End XCBuildConfiguration section */

/* Begin XCConfigurationList section */
		CF0689472F19E24B0082DE08 /* Build configuration list for PBXNativeTarget "DosMangosTests" */ = {
			isa = XCConfigurationList;
			buildConfigurations = (
				CF0689482F19E24B0082DE08 /* Debug */,
				CF0689492F19E24B0082DE08 /* Release */,
				CF06894A2F19E24B0082DE08 /* TestFlight */,
			);
			defaultConfigurationIsVisible = 0;
			defaultConfigurationName = Release;
		};
		CF5CA8592905BC6100156961 /* Build configuration list for PBXProject "DosMangos" */ = {
			isa = XCConfigurationList;
			buildConfigurations = (
				CF5CA86A2905BC6300156961 /* Debug */,
				CF5CA86B2905BC6300156961 /* Release */,
				CF0CD5AA2EF788BA002CC3E3 /* TestFlight */,
			);
			defaultConfigurationIsVisible = 0;
			defaultConfigurationName = Release;
		};
		CF5CA86C2905BC6300156961 /* Build configuration list for PBXNativeTarget "DosMangos" */ = {
			isa = XCConfigurationList;
			buildConfigurations = (
				CF5CA86D2905BC6300156961 /* Debug */,
				CF5CA86E2905BC6300156961 /* Release */,
				CF0CD5AB2EF788BA002CC3E3 /* TestFlight */,
			);
			defaultConfigurationIsVisible = 0;
			defaultConfigurationName = Release;
		};
/* End XCConfigurationList section */

/* Begin XCRemoteSwiftPackageReference section */
		CF0689CC2F19E3B90082DE08 /* XCRemoteSwiftPackageReference "swift-dependencies" */ = {
			isa = XCRemoteSwiftPackageReference;
			repositoryURL = "https://github.com/pointfreeco/swift-dependencies";
			requirement = {
				kind = upToNextMajorVersion;
				minimumVersion = 1.10.1;
			};
		};
		CF0689CF2F19E4750082DE08 /* XCRemoteSwiftPackageReference "swift-snapshot-testing" */ = {
			isa = XCRemoteSwiftPackageReference;
			repositoryURL = "https://github.com/pointfreeco/swift-snapshot-testing.git";
			requirement = {
				kind = upToNextMajorVersion;
				minimumVersion = 1.18.7;
			};
		};
		CF23A85E2F02328D0033C31B /* XCRemoteSwiftPackageReference "swift-collections" */ = {
			isa = XCRemoteSwiftPackageReference;
			repositoryURL = "https://github.com/apple/swift-collections.git";
			requirement = {
				kind = upToNextMajorVersion;
				minimumVersion = 1.3.0;
			};
		};
		CF94095B2ECABF3F0009C56D /* XCRemoteSwiftPackageReference "swift-composable-architecture" */ = {
			isa = XCRemoteSwiftPackageReference;
			repositoryURL = "https://github.com/pointfreeco/swift-composable-architecture";
			requirement = {
				kind = upToNextMajorVersion;
				minimumVersion = 1.23.1;
			};
		};
		CF94095E2ECABF6E0009C56D /* XCRemoteSwiftPackageReference "sqlite-data" */ = {
			isa = XCRemoteSwiftPackageReference;
			repositoryURL = "https://github.com/pointfreeco/sqlite-data";
			requirement = {
				kind = upToNextMajorVersion;
				minimumVersion = 1.0.0;
			};
		};
/* End XCRemoteSwiftPackageReference section */

/* Begin XCSwiftPackageProductDependency section */
		CF0689CD2F19E3B90082DE08 /* DependenciesTestSupport */ = {
			isa = XCSwiftPackageProductDependency;
			package = CF0689CC2F19E3B90082DE08 /* XCRemoteSwiftPackageReference "swift-dependencies" */;
			productName = DependenciesTestSupport;
		};
		CF0689D02F19E4750082DE08 /* InlineSnapshotTesting */ = {
			isa = XCSwiftPackageProductDependency;
			package = CF0689CF2F19E4750082DE08 /* XCRemoteSwiftPackageReference "swift-snapshot-testing" */;
			productName = InlineSnapshotTesting;
		};
		CF0689D22F19E4750082DE08 /* SnapshotTesting */ = {
			isa = XCSwiftPackageProductDependency;
			package = CF0689CF2F19E4750082DE08 /* XCRemoteSwiftPackageReference "swift-snapshot-testing" */;
			productName = SnapshotTesting;
		};
		CF1990692F03621700FD49FF /* CoreLocationClient */ = {
			isa = XCSwiftPackageProductDependency;
			productName = CoreLocationClient;
		};
		CF23A85F2F02328D0033C31B /* Collections */ = {
			isa = XCSwiftPackageProductDependency;
			package = CF23A85E2F02328D0033C31B /* XCRemoteSwiftPackageReference "swift-collections" */;
			productName = Collections;
		};
		CF89CCAF2F1AF04A00F2EB87 /* SnapshotTestingCustomDump */ = {
			isa = XCSwiftPackageProductDependency;
			package = CF0689CF2F19E4750082DE08 /* XCRemoteSwiftPackageReference "swift-snapshot-testing" */;
			productName = SnapshotTestingCustomDump;
		};
		CF94095C2ECABF3F0009C56D /* ComposableArchitecture */ = {
			isa = XCSwiftPackageProductDependency;
			package = CF94095B2ECABF3F0009C56D /* XCRemoteSwiftPackageReference "swift-composable-architecture" */;
			productName = ComposableArchitecture;
		};
		CF94095F2ECABF6E0009C56D /* SQLiteData */ = {
			isa = XCSwiftPackageProductDependency;
			package = CF94095E2ECABF6E0009C56D /* XCRemoteSwiftPackageReference "sqlite-data" */;
			productName = SQLiteData;
		};
		CFF265C22F0DA277004655B6 /* Currency */ = {
			isa = XCSwiftPackageProductDependency;
			productName = Currency;
		};
/* End XCSwiftPackageProductDependency section */
	};
	rootObject = CF5CA8562905BC6100156961 /* Project object */;
}
